
Microsoft Visual Studio Solution File, Format Version 12.00
Project("{FAE04EC0-301F-11D3-BF4B-00C04F79EFBC}") = "AzureTestAbstract", "AzureTestAbstract\AzureTestAbstract.csproj", "{4F0C5AD7-A2B1-4C59-BA95-8D881F888492}"
EndProject
Project("{FAE04EC0-301F-11D3-BF4B-00C04F79EFBC}") = "AzureTestAbstractTests", "AzureTestAbstractTests\AzureTestAbstractTests.csproj", "{3E4688EF-CBAA-4EE9-BF50-8B58DEA2FBB1}"
EndProject
Global
	GlobalSection(SolutionConfigurationPlatforms) = preSolution
		Debug|Any CPU = Debug|Any CPU
		Release|Any CPU = Release|Any CPU
	EndGlobalSection
	GlobalSection(ProjectConfigurationPlatforms) = postSolution
		{4F0C5AD7-A2B1-4C59-BA95-8D881F888492}.Debug|Any CPU.ActiveCfg = Debug|Any CPU
		{4F0C5AD7-A2B1-4C59-BA95-8D881F888492}.Debug|Any CPU.Build.0 = Debug|Any CPU
		{4F0C5AD7-A2B1-4C59-BA95-8D881F888492}.Release|Any CPU.ActiveCfg = Release|Any CPU
		{4F0C5AD7-A2B1-4C59-BA95-8D881F888492}.Release|Any CPU.Build.0 = Release|Any CPU
		{3E4688EF-CBAA-4EE9-BF50-8B58DEA2FBB1}.Debug|Any CPU.ActiveCfg = Debug|Any CPU
		{3E4688EF-CBAA-4EE9-BF50-8B58DEA2FBB1}.Debug|Any CPU.Build.0 = Debug|Any CPU
		{3E4688EF-CBAA-4EE9-BF50-8B58DEA2FBB1}.Release|Any CPU.ActiveCfg = Release|Any CPU
		{3E4688EF-CBAA-4EE9-BF50-8B58DEA2FBB1}.Release|Any CPU.Build.0 = Release|Any CPU
	EndGlobalSection
EndGlobal
